
Microsoft Visual Studio Solution File, Format Version 12.00
# Visual Studio Version 16
VisualStudioVersion = 16.0.31402.337
MinimumVisualStudioVersion = 10.0.40219.1
Project("{FAE04EC0-301F-11D3-BF4B-00C04F79EFBC}") = "wb2br_proto", "wb2br_proto\wb2br_proto.csproj", "{893263C0-156B-4CDB-80EB-EF6148B2B22A}"
EndProject
Global
	GlobalSection(SolutionConfigurationPlatforms) = preSolution
		Debug|Any CPU = Debug|Any CPU
		Release|Any CPU = Release|Any CPU
	EndGlobalSection
	GlobalSection(ProjectConfigurationPlatforms) = postSolution
		{893263C0-156B-4CDB-80EB-EF6148B2B22A}.Debug|Any CPU.ActiveCfg = Debug|Any CPU
		{893263C0-156B-4CDB-80EB-EF6148B2B22A}.Debug|Any CPU.Build.0 = Debug|Any CPU
		{893263C0-156B-4CDB-80EB-EF6148B2B22A}.Release|Any CPU.ActiveCfg = Release|Any CPU
		{893263C0-156B-4CDB-80EB-EF6148B2B22A}.Release|Any CPU.Build.0 = Release|Any CPU
	EndGlobalSection
	GlobalSection(SolutionProperties) = preSolution
		HideSolutionNode = FALSE
	EndGlobalSection
	GlobalSection(ExtensibilityGlobals) = postSolution
		SolutionGuid = {28B832E6-CAA5-4367-A9B2-F99BCF052AC2}
	EndGlobalSection
EndGlobal
